// !$*UTF8*$!
{
	archiveVersion = 1;
	classes = {
	};
	objectVersion = 50;
	objects = {

/* Begin PBXBuildFile section */
		DE8032EA256A6198000F5402 /* AppDelegate.swift in Sources */ = {isa = PBXBuildFile; fileRef = DE8032E9256A6198000F5402 /* AppDelegate.swift */; };
		DE8032EC256A6198000F5402 /* SceneDelegate.swift in Sources */ = {isa = PBXBuildFile; fileRef = DE8032EB256A6198000F5402 /* SceneDelegate.swift */; };
		DE8032EE256A6198000F5402 /* ViewController.swift in Sources */ = {isa = PBXBuildFile; fileRef = DE8032ED256A6198000F5402 /* ViewController.swift */; };
		DE8032F1256A6198000F5402 /* Main.storyboard in Resources */ = {isa = PBXBuildFile; fileRef = DE8032EF256A6198000F5402 /* Main.storyboard */; };
		DE8032F3256A619A000F5402 /* Assets.xcassets in Resources */ = {isa = PBXBuildFile; fileRef = DE8032F2256A619A000F5402 /* Assets.xcassets */; };
		DE8032F6256A619A000F5402 /* LaunchScreen.storyboard in Resources */ = {isa = PBXBuildFile; fileRef = DE8032F4256A619A000F5402 /* LaunchScreen.storyboard */; };
		DE803301256A619B000F5402 /* tableViewTestTests.swift in Sources */ = {isa = PBXBuildFile; fileRef = DE803300256A619B000F5402 /* tableViewTestTests.swift */; };
		DE80330C256A619B000F5402 /* tableViewTestUITests.swift in Sources */ = {isa = PBXBuildFile; fileRef = DE80330B256A619B000F5402 /* tableViewTestUITests.swift */; };
		DE803320256AEB56000F5402 /* appealTableViewCell.swift in Sources */ = {isa = PBXBuildFile; fileRef = DE80331F256AEB56000F5402 /* appealTableViewCell.swift */; };
/* End PBXBuildFile section */

/* Begin PBXContainerItemProxy section */
		DE8032FD256A619B000F5402 /* PBXContainerItemProxy */ = {
			isa = PBXContainerItemProxy;
			containerPortal = DE8032DE256A6198000F5402 /* Project object */;
			proxyType = 1;
			remoteGlobalIDString = DE8032E5256A6198000F5402;
			remoteInfo = tableViewTest;
		};
		DE803308256A619B000F5402 /* PBXContainerItemProxy */ = {
			isa = PBXContainerItemProxy;
			containerPortal = DE8032DE256A6198000F5402 /* Project object */;
			proxyType = 1;
			remoteGlobalIDString = DE8032E5256A6198000F5402;
			remoteInfo = tableViewTest;
		};
/* End PBXContainerItemProxy section */

/* Begin PBXFileReference section */
		DE8032E6256A6198000F5402 /* tableViewTest.app */ = {isa = PBXFileReference; explicitFileType = wrapper.application; includeInIndex = 0; path = tableViewTest.app; sourceTree = BUILT_PRODUCTS_DIR; };
		DE8032E9256A6198000F5402 /* AppDelegate.swift */ = {isa = PBXFileReference; lastKnownFileType = sourcecode.swift; path = AppDelegate.swift; sourceTree = "<group>"; };
		DE8032EB256A6198000F5402 /* SceneDelegate.swift */ = {isa = PBXFileReference; lastKnownFileType = sourcecode.swift; path = SceneDelegate.swift; sourceTree = "<group>"; };
		DE8032ED256A6198000F5402 /* ViewController.swift */ = {isa = PBXFileReference; lastKnownFileType = sourcecode.swift; path = ViewController.swift; sourceTree = "<group>"; };
		DE8032F0256A6198000F5402 /* Base */ = {isa = PBXFileReference; lastKnownFileType = file.storyboard; name = Base; path = Base.lproj/Main.storyboard; sourceTree = "<group>"; };
		DE8032F2256A619A000F5402 /* Assets.xcassets */ = {isa = PBXFileReference; lastKnownFileType = folder.assetcatalog; path = Assets.xcassets; sourceTree = "<group>"; };
		DE8032F5256A619A000F5402 /* Base */ = {isa = PBXFileReference; lastKnownFileType = file.storyboard; name = Base; path = Base.lproj/LaunchScreen.storyboard; sourceTree = "<group>"; };
		DE8032F7256A619A000F5402 /* Info.plist */ = {isa = PBXFileReference; lastKnownFileType = text.plist.xml; path = Info.plist; sourceTree = "<group>"; };
		DE8032FC256A619B000F5402 /* tableViewTestTests.xctest */ = {isa = PBXFileReference; explicitFileType = wrapper.cfbundle; includeInIndex = 0; path = tableViewTestTests.xctest; sourceTree = BUILT_PRODUCTS_DIR; };
		DE803300256A619B000F5402 /* tableViewTestTests.swift */ = {isa = PBXFileReference; lastKnownFileType = sourcecode.swift; path = tableViewTestTests.swift; sourceTree = "<group>"; };
		DE803302256A619B000F5402 /* Info.plist */ = {isa = PBXFileReference; lastKnownFileType = text.plist.xml; path = Info.plist; sourceTree = "<group>"; };
		DE803307256A619B000F5402 /* tableViewTestUITests.xctest */ = {isa = PBXFileReference; explicitFileType = wrapper.cfbundle; includeInIndex = 0; path = tableViewTestUITests.xctest; sourceTree = BUILT_PRODUCTS_DIR; };
		DE80330B256A619B000F5402 /* tableViewTestUITests.swift */ = {isa = PBXFileReference; lastKnownFileType = sourcecode.swift; path = tableViewTestUITests.swift; sourceTree = "<group>"; };
		DE80330D256A619B000F5402 /* Info.plist */ = {isa = PBXFileReference; lastKnownFileType = text.plist.xml; path = Info.plist; sourceTree = "<group>"; };
		DE80331F256AEB56000F5402 /* appealTableViewCell.swift */ = {isa = PBXFileReference; lastKnownFileType = sourcecode.swift; path = appealTableViewCell.swift; sourceTree = "<group>"; };
/* End PBXFileReference section */

/* Begin PBXFrameworksBuildPhase section */
		DE8032E3256A6198000F5402 /* Frameworks */ = {
			isa = PBXFrameworksBuildPhase;
			buildActionMask = 2147483647;
			files = (
			);
			runOnlyForDeploymentPostprocessing = 0;
		};
		DE8032F9256A619B000F5402 /* Frameworks */ = {
			isa = PBXFrameworksBuildPhase;
			buildActionMask = 2147483647;
			files = (
			);
			runOnlyForDeploymentPostprocessing = 0;
		};
		DE803304256A619B000F5402 /* Frameworks */ = {
			isa = PBXFrameworksBuildPhase;
			buildActionMask = 2147483647;
			files = (
			);
			runOnlyForDeploymentPostprocessing = 0;
		};
/* End PBXFrameworksBuildPhase section */

/* Begin PBXGroup section */
		DE8032DD256A6198000F5402 = {
			isa = PBXGroup;
			children = (
				DE8032E8256A6198000F5402 /* tableViewTest */,
				DE8032FF256A619B000F5402 /* tableViewTestTests */,
				DE80330A256A619B000F5402 /* tableViewTestUITests */,
				DE8032E7256A6198000F5402 /* Products */,
			);
			sourceTree = "<group>";
		};
		DE8032E7256A6198000F5402 /* Products */ = {
			isa = PBXGroup;
			children = (
				DE8032E6256A6198000F5402 /* tableViewTest.app */,
				DE8032FC256A619B000F5402 /* tableViewTestTests.xctest */,
				DE803307256A619B000F5402 /* tableViewTestUITests.xctest */,
			);
			name = Products;
			sourceTree = "<group>";
		};
		DE8032E8256A6198000F5402 /* tableViewTest */ = {
			isa = PBXGroup;
			children = (
				DE8032E9256A6198000F5402 /* AppDelegate.swift */,
				DE8032EB256A6198000F5402 /* SceneDelegate.swift */,
				DE8032ED256A6198000F5402 /* ViewController.swift */,
				DE80331F256AEB56000F5402 /* appealTableViewCell.swift */,
				DE8032EF256A6198000F5402 /* Main.storyboard */,
				DE8032F2256A619A000F5402 /* Assets.xcassets */,
				DE8032F4256A619A000F5402 /* LaunchScreen.storyboard */,
				DE8032F7256A619A000F5402 /* Info.plist */,
			);
			path = tableViewTest;
			sourceTree = "<group>";
		};
		DE8032FF256A619B000F5402 /* tableViewTestTests */ = {
			isa = PBXGroup;
			children = (
				DE803300256A619B000F5402 /* tableViewTestTests.swift */,
				DE803302256A619B000F5402 /* Info.plist */,
			);
			path = tableViewTestTests;
			sourceTree = "<group>";
		};
		DE80330A256A619B000F5402 /* tableViewTestUITests */ = {
			isa = PBXGroup;
			children = (
				DE80330B256A619B000F5402 /* tableViewTestUITests.swift */,
				DE80330D256A619B000F5402 /* Info.plist */,
			);
			path = tableViewTestUITests;
			sourceTree = "<group>";
		};
/* End PBXGroup section */

/* Begin PBXNativeTarget section */
		DE8032E5256A6198000F5402 /* tableViewTest */ = {
			isa = PBXNativeTarget;
			buildConfigurationList = DE803310256A619B000F5402 /* Build configuration list for PBXNativeTarget "tableViewTest" */;
			buildPhases = (
				DE8032E2256A6198000F5402 /* Sources */,
				DE8032E3256A6198000F5402 /* Frameworks */,
				DE8032E4256A6198000F5402 /* Resources */,
			);
			buildRules = (
			);
			dependencies = (
			);
			name = tableViewTest;
			productName = tableViewTest;
			productReference = DE8032E6256A6198000F5402 /* tableViewTest.app */;
			productType = "com.apple.product-type.application";
		};
		DE8032FB256A619B000F5402 /* tableViewTestTests */ = {
			isa = PBXNativeTarget;
			buildConfigurationList = DE803313256A619B000F5402 /* Build configuration list for PBXNativeTarget "tableViewTestTests" */;
			buildPhases = (
				DE8032F8256A619B000F5402 /* Sources */,
				DE8032F9256A619B000F5402 /* Frameworks */,
				DE8032FA256A619B000F5402 /* Resources */,
			);
			buildRules = (
			);
			dependencies = (
				DE8032FE256A619B000F5402 /* PBXTargetDependency */,
			);
			name = tableViewTestTests;
			productName = tableViewTestTests;
			productReference = DE8032FC256A619B000F5402 /* tableViewTestTests.xctest */;
			productType = "com.apple.product-type.bundle.unit-test";
		};
		DE803306256A619B000F5402 /* tableViewTestUITests */ = {
			isa = PBXNativeTarget;
			buildConfigurationList = DE803316256A619B000F5402 /* Build configuration list for PBXNativeTarget "tableViewTestUITests" */;
			buildPhases = (
				DE803303256A619B000F5402 /* Sources */,
				DE803304256A619B000F5402 /* Frameworks */,
				DE803305256A619B000F5402 /* Resources */,
			);
			buildRules = (
			);
			dependencies = (
				DE803309256A619B000F5402 /* PBXTargetDependency */,
			);
			name = tableViewTestUITests;
			productName = tableViewTestUITests;
			productReference = DE803307256A619B000F5402 /* tableViewTestUITests.xctest */;
			productType = "com.apple.product-type.bundle.ui-testing";
		};
/* End PBXNativeTarget section */

/* Begin PBXProject section */
		DE8032DE256A6198000F5402 /* Project object */ = {
			isa = PBXProject;
			attributes = {
				LastSwiftUpdateCheck = 1210;
				LastUpgradeCheck = 1210;
				TargetAttributes = {
					DE8032E5256A6198000F5402 = {
						CreatedOnToolsVersion = 12.1;
					};
					DE8032FB256A619B000F5402 = {
						CreatedOnToolsVersion = 12.1;
						TestTargetID = DE8032E5256A6198000F5402;
					};
					DE803306256A619B000F5402 = {
						CreatedOnToolsVersion = 12.1;
						TestTargetID = DE8032E5256A6198000F5402;
					};
				};
			};
			buildConfigurationList = DE8032E1256A6198000F5402 /* Build configuration list for PBXProject "tableViewTest" */;
			compatibilityVersion = "Xcode 9.3";
			developmentRegion = en;
			hasScannedForEncodings = 0;
			knownRegions = (
				en,
				Base,
			);
			mainGroup = DE8032DD256A6198000F5402;
			productRefGroup = DE8032E7256A6198000F5402 /* Products */;
			projectDirPath = "";
			projectRoot = "";
			targets = (
				DE8032E5256A6198000F5402 /* tableViewTest */,
				DE8032FB256A619B000F5402 /* tableViewTestTests */,
				DE803306256A619B000F5402 /* tableViewTestUITests */,
			);
		};
/* End PBXProject section */

/* Begin PBXResourcesBuildPhase section */
		DE8032E4256A6198000F5402 /* Resources */ = {
			isa = PBXResourcesBuildPhase;
			buildActionMask = 2147483647;
			files = (
				DE8032F6256A619A000F5402 /* LaunchScreen.storyboard in Resources */,
				DE8032F3256A619A000F5402 /* Assets.xcassets in Resources */,
				DE8032F1256A6198000F5402 /* Main.storyboard in Resources */,
			);
			runOnlyForDeploymentPostprocessing = 0;
		};
		DE8032FA256A619B000F5402 /* Resources */ = {
			isa = PBXResourcesBuildPhase;
			buildActionMask = 2147483647;
			files = (
			);
			runOnlyForDeploymentPostprocessing = 0;
		};
		DE803305256A619B000F5402 /* Resources */ = {
			isa = PBXResourcesBuildPhase;
			buildActionMask = 2147483647;
			files = (
			);
			runOnlyForDeploymentPostprocessing = 0;
		};
/* End PBXResourcesBuildPhase section */

/* Begin PBXSourcesBuildPhase section */
		DE8032E2256A6198000F5402 /* Sources */ = {
			isa = PBXSourcesBuildPhase;
			buildActionMask = 2147483647;
			files = (
				DE8032EE256A6198000F5402 /* ViewController.swift in Sources */,
				DE8032EA256A6198000F5402 /* AppDelegate.swift in Sources */,
				DE803320256AEB56000F5402 /* appealTableViewCell.swift in Sources */,
				DE8032EC256A6198000F5402 /* SceneDelegate.swift in Sources */,
			);
			runOnlyForDeploymentPostprocessing = 0;
		};
		DE8032F8256A619B000F5402 /* Sources */ = {
			isa = PBXSourcesBuildPhase;
			buildActionMask = 2147483647;
			files = (
				DE803301256A619B000F5402 /* tableViewTestTests.swift in Sources */,
			);
			runOnlyForDeploymentPostprocessing = 0;
		};
		DE803303256A619B000F5402 /* Sources */ = {
			isa = PBXSourcesBuildPhase;
			buildActionMask = 2147483647;
			files = (
				DE80330C256A619B000F5402 /* tableViewTestUITests.swift in Sources */,
			);
			runOnlyForDeploymentPostprocessing = 0;
		};
/* End PBXSourcesBuildPhase section */

/* Begin PBXTargetDependency section */
		DE8032FE256A619B000F5402 /* PBXTargetDependency */ = {
			isa = PBXTargetDependency;
			target = DE8032E5256A6198000F5402 /* tableViewTest */;
			targetProxy = DE8032FD256A619B000F5402 /* PBXContainerItemProxy */;
		};
		DE803309256A619B000F5402 /* PBXTargetDependency */ = {
			isa = PBXTargetDependency;
			target = DE8032E5256A6198000F5402 /* tableViewTest */;
			targetProxy = DE803308256A619B000F5402 /* PBXContainerItemProxy */;
		};
/* End PBXTargetDependency section */

/* Begin PBXVariantGroup section */
		DE8032EF256A6198000F5402 /* Main.storyboard */ = {
			isa = PBXVariantGroup;
			children = (
				DE8032F0256A6198000F5402 /* Base */,
			);
			name = Main.storyboard;
			sourceTree = "<group>";
		};
		DE8032F4256A619A000F5402 /* LaunchScreen.storyboard */ = {
			isa = PBXVariantGroup;
			children = (
				DE8032F5256A619A000F5402 /* Base */,
			);
			name = LaunchScreen.storyboard;
			sourceTree = "<group>";
		};
/* End PBXVariantGroup section */

/* Begin XCBuildConfiguration section */
		DE80330E256A619B000F5402 /* Debug */ = {
			isa = XCBuildConfiguration;
			buildSettings = {
				ALWAYS_SEARCH_USER_PATHS = NO;
				CLANG_ANALYZER_NONNULL = YES;
				CLANG_ANALYZER_NUMBER_OBJECT_CONVERSION = YES_AGGRESSIVE;
				CLANG_CXX_LANGUAGE_STANDARD = "gnu++14";
				CLANG_CXX_LIBRARY = "libc++";
				CLANG_ENABLE_MODULES = YES;
				CLANG_ENABLE_OBJC_ARC = YES;
				CLANG_ENABLE_OBJC_WEAK = YES;
				CLANG_WARN_BLOCK_CAPTURE_AUTORELEASING = YES;
				CLANG_WARN_BOOL_CONVERSION = YES;
				CLANG_WARN_COMMA = YES;
				CLANG_WARN_CONSTANT_CONVERSION = YES;
				CLANG_WARN_DEPRECATED_OBJC_IMPLEMENTATIONS = YES;
				CLANG_WARN_DIRECT_OBJC_ISA_USAGE = YES_ERROR;
				CLANG_WARN_DOCUMENTATION_COMMENTS = YES;
				CLANG_WARN_EMPTY_BODY = YES;
				CLANG_WARN_ENUM_CONVERSION = YES;
				CLANG_WARN_INFINITE_RECURSION = YES;
				CLANG_WARN_INT_CONVERSION = YES;
				CLANG_WARN_NON_LITERAL_NULL_CONVERSION = YES;
				CLANG_WARN_OBJC_IMPLICIT_RETAIN_SELF = YES;
				CLANG_WARN_OBJC_LITERAL_CONVERSION = YES;
				CLANG_WARN_OBJC_ROOT_CLASS = YES_ERROR;
				CLANG_WARN_QUOTED_INCLUDE_IN_FRAMEWORK_HEADER = YES;
				CLANG_WARN_RANGE_LOOP_ANALYSIS = YES;
				CLANG_WARN_STRICT_PROTOTYPES = YES;
				CLANG_WARN_SUSPICIOUS_MOVE = YES;
				CLANG_WARN_UNGUARDED_AVAILABILITY = YES_AGGRESSIVE;
				CLANG_WARN_UNREACHABLE_CODE = YES;
				CLANG_WARN__DUPLICATE_METHOD_MATCH = YES;
				COPY_PHASE_STRIP = NO;
				DEBUG_INFORMATION_FORMAT = dwarf;
				ENABLE_STRICT_OBJC_MSGSEND = YES;
				ENABLE_TESTABILITY = YES;
				GCC_C_LANGUAGE_STANDARD = gnu11;
				GCC_DYNAMIC_NO_PIC = NO;
				GCC_NO_COMMON_BLOCKS = YES;
				GCC_OPTIMIZATION_LEVEL = 0;
				GCC_PREPROCESSOR_DEFINITIONS = (
					"DEBUG=1",
					"$(inherited)",
				);
				GCC_WARN_64_TO_32_BIT_CONVERSION = YES;
				GCC_WARN_ABOUT_RETURN_TYPE = YES_ERROR;
				GCC_WARN_UNDECLARED_SELECTOR = YES;
				GCC_WARN_UNINITIALIZED_AUTOS = YES_AGGRESSIVE;
				GCC_WARN_UNUSED_FUNCTION = YES;
				GCC_WARN_UNUSED_VARIABLE = YES;
				IPHONEOS_DEPLOYMENT_TARGET = 14.1;
				MTL_ENABLE_DEBUG_INFO = INCLUDE_SOURCE;
				MTL_FAST_MATH = YES;
				ONLY_ACTIVE_ARCH = YES;
				SDKROOT = iphoneos;
				SWIFT_ACTIVE_COMPILATION_CONDITIONS = DEBUG;
				SWIFT_OPTIMIZATION_LEVEL = "-Onone";
			};
			name = Debug;
		};
		DE80330F256A619B000F5402 /* Release */ = {
			isa = XCBuildConfiguration;
			buildSettings = {
				ALWAYS_SEARCH_USER_PATHS = NO;
				CLANG_ANALYZER_NONNULL = YES;
				CLANG_ANALYZER_NUMBER_OBJECT_CONVERSION = YES_AGGRESSIVE;
				CLANG_CXX_LANGUAGE_STANDARD = "gnu++14";
				CLANG_CXX_LIBRARY = "libc++";
				CLANG_ENABLE_MODULES = YES;
				CLANG_ENABLE_OBJC_ARC = YES;
				CLANG_ENABLE_OBJC_WEAK = YES;
				CLANG_WARN_BLOCK_CAPTURE_AUTORELEASING = YES;
				CLANG_WARN_BOOL_CONVERSION = YES;
				CLANG_WARN_COMMA = YES;
				CLANG_WARN_CONSTANT_CONVERSION = YES;
				CLANG_WARN_DEPRECATED_OBJC_IMPLEMENTATIONS = YES;
				CLANG_WARN_DIRECT_OBJC_ISA_USAGE = YES_ERROR;
				CLANG_WARN_DOCUMENTATION_COMMENTS = YES;
				CLANG_WARN_EMPTY_BODY = YES;
				CLANG_WARN_ENUM_CONVERSION = YES;
				CLANG_WARN_INFINITE_RECURSION = YES;
				CLANG_WARN_INT_CONVERSION = YES;
				CLANG_WARN_NON_LITERAL_NULL_CONVERSION = YES;
				CLANG_WARN_OBJC_IMPLICIT_RETAIN_SELF = YES;
				CLANG_WARN_OBJC_LITERAL_CONVERSION = YES;
				CLANG_WARN_OBJC_ROOT_CLASS = YES_ERROR;
				CLANG_WARN_QUOTED_INCLUDE_IN_FRAMEWORK_HEADER = YES;
				CLANG_WARN_RANGE_LOOP_ANALYSIS = YES;
				CLANG_WARN_STRICT_PROTOTYPES = YES;
				CLANG_WARN_SUSPICIOUS_MOVE = YES;
				CLANG_WARN_UNGUARDED_AVAILABILITY = YES_AGGRESSIVE;
				CLANG_WARN_UNREACHABLE_CODE = YES;
				CLANG_WARN__DUPLICATE_METHOD_MATCH = YES;
				COPY_PHASE_STRIP = NO;
				DEBUG_INFORMATION_FORMAT = "dwarf-with-dsym";
				ENABLE_NS_ASSERTIONS = NO;
				ENABLE_STRICT_OBJC_MSGSEND = YES;
				GCC_C_LANGUAGE_STANDARD = gnu11;
				GCC_NO_COMMON_BLOCKS = YES;
				GCC_WARN_64_TO_32_BIT_CONVERSION = YES;
				GCC_WARN_ABOUT_RETURN_TYPE = YES_ERROR;
				GCC_WARN_UNDECLARED_SELECTOR = YES;
				GCC_WARN_UNINITIALIZED_AUTOS = YES_AGGRESSIVE;
				GCC_WARN_UNUSED_FUNCTION = YES;
				GCC_WARN_UNUSED_VARIABLE = YES;
				IPHONEOS_DEPLOYMENT_TARGET = 14.1;
				MTL_ENABLE_DEBUG_INFO = NO;
				MTL_FAST_MATH = YES;
				SDKROOT = iphoneos;
				SWIFT_COMPILATION_MODE = wholemodule;
				SWIFT_OPTIMIZATION_LEVEL = "-O";
				VALIDATE_PRODUCT = YES;
			};
			name = Release;
		};
		DE803311256A619B000F5402 /* Debug */ = {
			isa = XCBuildConfiguration;
			buildSettings = {
				ASSETCATALOG_COMPILER_APPICON_NAME = AppIcon;
				ASSETCATALOG_COMPILER_GLOBAL_ACCENT_COLOR_NAME = AccentColor;
				CODE_SIGN_STYLE = Automatic;
				INFOPLIST_FILE = tableViewTest/Info.plist;
				IPHONEOS_DEPLOYMENT_TARGET = 13.6;
				LD_RUNPATH_SEARCH_PATHS = (
					"$(inherited)",
					"@executable_path/Frameworks",
				);
				PRODUCT_BUNDLE_IDENTIFIER = massu.tableViewTest;
				PRODUCT_NAME = "$(TARGET_NAME)";
				SWIFT_VERSION = 5.0;
				TARGETED_DEVICE_FAMILY = "1,2";
			};
			name = Debug;
		};
		DE803312256A619B000F5402 /* Release */ = {
			isa = XCBuildConfiguration;
			buildSettings = {
				ASSETCATALOG_COMPILER_APPICON_NAME = AppIcon;
				ASSETCATALOG_COMPILER_GLOBAL_ACCENT_COLOR_NAME = AccentColor;
				CODE_SIGN_STYLE = Automatic;
				INFOPLIST_FILE = tableViewTest/Info.plist;
				IPHONEOS_DEPLOYMENT_TARGET = 13.6;
				LD_RUNPATH_SEARCH_PATHS = (
					"$(inherited)",
					"@executable_path/Frameworks",
				);
				PRODUCT_BUNDLE_IDENTIFIER = massu.tableViewTest;
				PRODUCT_NAME = "$(TARGET_NAME)";
				SWIFT_VERSION = 5.0;
				TARGETED_DEVICE_FAMILY = "1,2";
			};
			name = Release;
		};
		DE803314256A619B000F5402 /* Debug */ = {
			isa = XCBuildConfiguration;
			buildSettings = {
				ALWAYS_EMBED_SWIFT_STANDARD_LIBRARIES = YES;
				BUNDLE_LOADER = "$(TEST_HOST)";
				CODE_SIGN_STYLE = Automatic;
				INFOPLIST_FILE = tableViewTestTests/Info.plist;
				IPHONEOS_DEPLOYMENT_TARGET = 14.1;
				LD_RUNPATH_SEARCH_PATHS = (
					"$(inherited)",
					"@executable_path/Frameworks",
					"@loader_path/Frameworks",
				);
				PRODUCT_BUNDLE_IDENTIFIER = massu.tableViewTestTests;
				PRODUCT_NAME = "$(TARGET_NAME)";
				SWIFT_VERSION = 5.0;
				TARGETED_DEVICE_FAMILY = "1,2";
				TEST_HOST = "$(BUILT_PRODUCTS_DIR)/tableViewTest.app/tableViewTest";
			};
			name = Debug;
		};
		DE803315256A619B000F5402 /* Release */ = {
			isa = XCBuildConfiguration;
			buildSettings = {
				ALWAYS_EMBED_SWIFT_STANDARD_LIBRARIES = YES;
				BUNDLE_LOADER = "$(TEST_HOST)";
				CODE_SIGN_STYLE = Automatic;
				INFOPLIST_FILE = tableViewTestTests/Info.plist;
				IPHONEOS_DEPLOYMENT_TARGET = 14.1;
				LD_RUNPATH_SEARCH_PATHS = (
					"$(inherited)",
					"@executable_path/Frameworks",
					"@loader_path/Frameworks",
				);
				PRODUCT_BUNDLE_IDENTIFIER = massu.tableViewTestTests;
				PRODUCT_NAME = "$(TARGET_NAME)";
				SWIFT_VERSION = 5.0;
				TARGETED_DEVICE_FAMILY = "1,2";
				TEST_HOST = "$(BUILT_PRODUCTS_DIR)/tableViewTest.app/tableViewTest";
			};
			name = Release;
		};
		DE803317256A619B000F5402 /* Debug */ = {
			isa = XCBuildConfiguration;
			buildSettings = {
				ALWAYS_EMBED_SWIFT_STANDARD_LIBRARIES = YES;
				CODE_SIGN_STYLE = Automatic;
				INFOPLIST_FILE = tableViewTestUITests/Info.plist;
				LD_RUNPATH_SEARCH_PATHS = (
					"$(inherited)",
					"@executable_path/Frameworks",
					"@loader_path/Frameworks",
				);
				PRODUCT_BUNDLE_IDENTIFIER = massu.tableViewTestUITests;
				PRODUCT_NAME = "$(TARGET_NAME)";
				SWIFT_VERSION = 5.0;
				TARGETED_DEVICE_FAMILY = "1,2";
				TEST_TARGET_NAME = tableViewTest;
			};
			name = Debug;
		};
		DE803318256A619B000F5402 /* Release */ = {
			isa = XCBuildConfiguration;
			buildSettings = {
				ALWAYS_EMBED_SWIFT_STANDARD_LIBRARIES = YES;
				CODE_SIGN_STYLE = Automatic;
				INFOPLIST_FILE = tableViewTestUITests/Info.plist;
				LD_RUNPATH_SEARCH_PATHS = (
					"$(inherited)",
					"@executable_path/Frameworks",
					"@loader_path/Frameworks",
				);
				PRODUCT_BUNDLE_IDENTIFIER = massu.tableViewTestUITests;
				PRODUCT_NAME = "$(TARGET_NAME)";
				SWIFT_VERSION = 5.0;
				TARGETED_DEVICE_FAMILY = "1,2";
				TEST_TARGET_NAME = tableViewTest;
			};
			name = Release;
		};
/* End XCBuildConfiguration section */

/* Begin XCConfigurationList section */
		DE8032E1256A6198000F5402 /* Build configuration list for PBXProject "tableViewTest" */ = {
			isa = XCConfigurationList;
			buildConfigurations = (
				DE80330E256A619B000F5402 /* Debug */,
				DE80330F256A619B000F5402 /* Release */,
			);
			defaultConfigurationIsVisible = 0;
			defaultConfigurationName = Release;
		};
		DE803310256A619B000F5402 /* Build configuration list for PBXNativeTarget "tableViewTest" */ = {
			isa = XCConfigurationList;
			buildConfigurations = (
				DE803311256A619B000F5402 /* Debug */,
				DE803312256A619B000F5402 /* Release */,
			);
			defaultConfigurationIsVisible = 0;
			defaultConfigurationName = Release;
		};
		DE803313256A619B000F5402 /* Build configuration list for PBXNativeTarget "tableViewTestTests" */ = {
			isa = XCConfigurationList;
			buildConfigurations = (
				DE803314256A619B000F5402 /* Debug */,
				DE803315256A619B000F5402 /* Release */,
			);
			defaultConfigurationIsVisible = 0;
			defaultConfigurationName = Release;
		};
		DE803316256A619B000F5402 /* Build configuration list for PBXNativeTarget "tableViewTestUITests" */ = {
			isa = XCConfigurationList;
			buildConfigurations = (
				DE803317256A619B000F5402 /* Debug */,
				DE803318256A619B000F5402 /* Release */,
			);
			defaultConfigurationIsVisible = 0;
			defaultConfigurationName = Release;
		};
/* End XCConfigurationList section */
	};
	rootObject = DE8032DE256A6198000F5402 /* Project object */;
}
